{
  "nodes": {
    "nixpkgs": {
      "locked": {
        "lastModified": 1699366528,
        "narHash": "sha256-PFAQ4N5f15cg94+EBvOMaOlxD/0HlnZpJ+Avv1u9MgY=",
        "owner": "NixOS",
        "repo": "nixpkgs",
        "rev": "d33ddd39d1381cc20884ba7e78acbdae86469157",
        "type": "github"
      },
      "original": {
        "owner": "NixOS",
        "repo": "nixpkgs",
        "type": "github"
      }
    },
    "root": {
      "inputs": {
        "nixpkgs": "nixpkgs"
      }
    }
  },
  "root": "root",
  "version": 7
}
